# THIS IS AN AUTOGENERATED FILE. DO NOT EDIT THIS FILE DIRECTLY.
# yarn lockfile v1


awesomplete@^1.1.1:
  version "1.1.2"
  resolved "http://registry.npm.taobao.org/awesomplete/download/awesomplete-1.1.2.tgz#b6e253f73474e46278bba5ae7f81d4262160fb75"

milligram@^1.3.0:
  version "1.3.0"
  resolved "http://registry.npm.taobao.org/milligram/download/milligram-1.3.0.tgz#a5d980ef8eaf79337c96a8d7c7e176764931042c"
  dependencies:
    normalize.css "~5.0.0"

normalize.css@~5.0.0:
  version "5.0.0"
  resolved "http://registry.npm.taobao.org/normalize.css/download/normalize.css-5.0.0.tgz#7cec875ce8178a5333c4de80b68ea9c18b9d7c37"
