# THIS IS AN AUTOGENERATED FILE. DO NOT EDIT THIS FILE DIRECTLY.
# yarn lockfile v1


awesomplete@^1.1.5:
  version "1.1.5"
  resolved "https://registry.npmmirror.com/awesomplete/download/awesomplete-1.1.5.tgz#1b2b5dd106d3955595619c03da472a1dc0faf0af"
  integrity sha1-Gytd0QbTlVWVYZwD2kcqHcD68K8=

milligram@^1.4.1:
  version "1.4.1"
  resolved "https://registry.nlark.com/milligram/download/milligram-1.4.1.tgz#6c8c781541b0d994ccca784c60f0aca1f7104b42"
  integrity sha1-bIx4FUGw2ZTMynhMYPCsofcQS0I=
  dependencies:
    normalize.css "~8.0.1"

normalize.css@~8.0.1:
  version "8.0.1"
  resolved "https://registry.npm.taobao.org/normalize.css/download/normalize.css-8.0.1.tgz#9b98a208738b9cc2634caacbc42d131c97487bf3"
  integrity sha1-m5iiCHOLnMJjTKrLxC0THJdIe/M=
